
Microsoft Visual Studio Solution File, Format Version 12.00
# Visual Studio Version 16
VisualStudioVersion = 16.0.30717.126
MinimumVisualStudioVersion = 10.0.40219.1
Project("{FAE04EC0-301F-11D3-BF4B-00C04F79EFBC}") = "CSH2_Tag_10_G62-03", "CSH2_Tag_10_G62-03\CSH2_Tag_10_G62-03.csproj", "{12390349-56E5-4ACC-BBBF-1522E5D7C2E3}"
EndProject
Global
	GlobalSection(SolutionConfigurationPlatforms) = preSolution
		Debug|Any CPU = Debug|Any CPU
		Release|Any CPU = Release|Any CPU
	EndGlobalSection
	GlobalSection(ProjectConfigurationPlatforms) = postSolution
		{12390349-56E5-4ACC-BBBF-1522E5D7C2E3}.Debug|Any CPU.ActiveCfg = Debug|Any CPU
		{12390349-56E5-4ACC-BBBF-1522E5D7C2E3}.Debug|Any CPU.Build.0 = Debug|Any CPU
		{12390349-56E5-4ACC-BBBF-1522E5D7C2E3}.Release|Any CPU.ActiveCfg = Release|Any CPU
		{12390349-56E5-4ACC-BBBF-1522E5D7C2E3}.Release|Any CPU.Build.0 = Release|Any CPU
	EndGlobalSection
	GlobalSection(SolutionProperties) = preSolution
		HideSolutionNode = FALSE
	EndGlobalSection
	GlobalSection(ExtensibilityGlobals) = postSolution
		SolutionGuid = {A52CB1F6-03E4-4511-9DD5-14A97F83B6BE}
	EndGlobalSection
EndGlobal
